// !$*UTF8*$!
{
	archiveVersion = 1;
	classes = {
	};
	objectVersion = 56;
	objects = {

/* Begin PBXBuildFile section */
		601FCCA22ABA208400409803 /* AppDelegate.swift in Sources */ = {isa = PBXBuildFile; fileRef = 601FCCA12ABA208400409803 /* AppDelegate.swift */; };
		601FCCA42ABA208400409803 /* SceneDelegate.swift in Sources */ = {isa = PBXBuildFile; fileRef = 601FCCA32ABA208400409803 /* SceneDelegate.swift */; };
		601FCCA62ABA208400409803 /* ViewController.swift in Sources */ = {isa = PBXBuildFile; fileRef = 601FCCA52ABA208400409803 /* ViewController.swift */; };
		601FCCA92ABA208400409803 /* Main.storyboard in Resources */ = {isa = PBXBuildFile; fileRef = 601FCCA72ABA208400409803 /* Main.storyboard */; };
		601FCCAB2ABA208600409803 /* Assets.xcassets in Resources */ = {isa = PBXBuildFile; fileRef = 601FCCAA2ABA208500409803 /* Assets.xcassets */; };
		601FCCAE2ABA208600409803 /* LaunchScreen.storyboard in Resources */ = {isa = PBXBuildFile; fileRef = 601FCCAC2ABA208600409803 /* LaunchScreen.storyboard */; };
		601FCCB72ABA20C100409803 /* BasicImage.swift in Sources */ = {isa = PBXBuildFile; fileRef = 601FCCB62ABA20C100409803 /* BasicImage.swift */; };
		601FCCB92ABA20D100409803 /* BasicImage+ViewModel.swift in Sources */ = {isa = PBXBuildFile; fileRef = 601FCCB82ABA20D100409803 /* BasicImage+ViewModel.swift */; };
		601FCCBC2ABA20E800409803 /* BasicLabel .swift in Sources */ = {isa = PBXBuildFile; fileRef = 601FCCBB2ABA20E800409803 /* BasicLabel .swift */; };
		601FCCBE2ABA20F700409803 /* BasicLabel+ViewModel .swift in Sources */ = {isa = PBXBuildFile; fileRef = 601FCCBD2ABA20F700409803 /* BasicLabel+ViewModel .swift */; };
		601FCCC12ABB59AD00409803 /* BackenAPI.swift in Sources */ = {isa = PBXBuildFile; fileRef = 601FCCC02ABB59AD00409803 /* BackenAPI.swift */; };
		601FCCC32ABB59C200409803 /* ImageModel.swift in Sources */ = {isa = PBXBuildFile; fileRef = 601FCCC22ABB59C200409803 /* ImageModel.swift */; };
		601FCCC52ABB59CE00409803 /* NetworkManager.swift in Sources */ = {isa = PBXBuildFile; fileRef = 601FCCC42ABB59CE00409803 /* NetworkManager.swift */; };
		601FCCC82ABB5B6400409803 /* Moya in Frameworks */ = {isa = PBXBuildFile; productRef = 601FCCC72ABB5B6400409803 /* Moya */; };
		601FCCCB2ABB5B8400409803 /* SnapKit in Frameworks */ = {isa = PBXBuildFile; productRef = 601FCCCA2ABB5B8400409803 /* SnapKit */; };
		601FCCCE2ABB60B800409803 /* FirstViewController.swift in Sources */ = {isa = PBXBuildFile; fileRef = 601FCCCD2ABB60B800409803 /* FirstViewController.swift */; };
		601FCCD02ABB60DD00409803 /* FirstViewController+ViewModel.swift in Sources */ = {isa = PBXBuildFile; fileRef = 601FCCCF2ABB60DD00409803 /* FirstViewController+ViewModel.swift */; };
		601FCCD32ABB632300409803 /* CollectionView.swift in Sources */ = {isa = PBXBuildFile; fileRef = 601FCCD22ABB632300409803 /* CollectionView.swift */; };
		601FCCD52ABB633600409803 /* CollectionView+ViewModel.swift in Sources */ = {isa = PBXBuildFile; fileRef = 601FCCD42ABB633600409803 /* CollectionView+ViewModel.swift */; };
		601FCCD82ABB755E00409803 /* BasicCollectionViewCell.swift in Sources */ = {isa = PBXBuildFile; fileRef = 601FCCD72ABB755E00409803 /* BasicCollectionViewCell.swift */; };
		601FCCDA2ABB7D8E00409803 /* BasicViewController.swift in Sources */ = {isa = PBXBuildFile; fileRef = 601FCCD92ABB7D8E00409803 /* BasicViewController.swift */; };
/* End PBXBuildFile section */

/* Begin PBXFileReference section */
		601FCC9E2ABA208400409803 /* Hotel.app */ = {isa = PBXFileReference; explicitFileType = wrapper.application; includeInIndex = 0; path = Hotel.app; sourceTree = BUILT_PRODUCTS_DIR; };
		601FCCA12ABA208400409803 /* AppDelegate.swift */ = {isa = PBXFileReference; lastKnownFileType = sourcecode.swift; path = AppDelegate.swift; sourceTree = "<group>"; };
		601FCCA32ABA208400409803 /* SceneDelegate.swift */ = {isa = PBXFileReference; lastKnownFileType = sourcecode.swift; path = SceneDelegate.swift; sourceTree = "<group>"; };
		601FCCA52ABA208400409803 /* ViewController.swift */ = {isa = PBXFileReference; lastKnownFileType = sourcecode.swift; path = ViewController.swift; sourceTree = "<group>"; };
		601FCCA82ABA208400409803 /* Base */ = {isa = PBXFileReference; lastKnownFileType = file.storyboard; name = Base; path = Base.lproj/Main.storyboard; sourceTree = "<group>"; };
		601FCCAA2ABA208500409803 /* Assets.xcassets */ = {isa = PBXFileReference; lastKnownFileType = folder.assetcatalog; path = Assets.xcassets; sourceTree = "<group>"; };
		601FCCAD2ABA208600409803 /* Base */ = {isa = PBXFileReference; lastKnownFileType = file.storyboard; name = Base; path = Base.lproj/LaunchScreen.storyboard; sourceTree = "<group>"; };
		601FCCAF2ABA208600409803 /* Info.plist */ = {isa = PBXFileReference; lastKnownFileType = text.plist.xml; path = Info.plist; sourceTree = "<group>"; };
		601FCCB62ABA20C100409803 /* BasicImage.swift */ = {isa = PBXFileReference; lastKnownFileType = sourcecode.swift; path = BasicImage.swift; sourceTree = "<group>"; };
		601FCCB82ABA20D100409803 /* BasicImage+ViewModel.swift */ = {isa = PBXFileReference; lastKnownFileType = sourcecode.swift; path = "BasicImage+ViewModel.swift"; sourceTree = "<group>"; };
		601FCCBB2ABA20E800409803 /* BasicLabel .swift */ = {isa = PBXFileReference; lastKnownFileType = sourcecode.swift; path = "BasicLabel .swift"; sourceTree = "<group>"; };
		601FCCBD2ABA20F700409803 /* BasicLabel+ViewModel .swift */ = {isa = PBXFileReference; lastKnownFileType = sourcecode.swift; path = "BasicLabel+ViewModel .swift"; sourceTree = "<group>"; };
		601FCCC02ABB59AD00409803 /* BackenAPI.swift */ = {isa = PBXFileReference; lastKnownFileType = sourcecode.swift; path = BackenAPI.swift; sourceTree = "<group>"; };
		601FCCC22ABB59C200409803 /* ImageModel.swift */ = {isa = PBXFileReference; lastKnownFileType = sourcecode.swift; path = ImageModel.swift; sourceTree = "<group>"; };
		601FCCC42ABB59CE00409803 /* NetworkManager.swift */ = {isa = PBXFileReference; lastKnownFileType = sourcecode.swift; path = NetworkManager.swift; sourceTree = "<group>"; };
		601FCCCD2ABB60B800409803 /* FirstViewController.swift */ = {isa = PBXFileReference; lastKnownFileType = sourcecode.swift; path = FirstViewController.swift; sourceTree = "<group>"; };
		601FCCCF2ABB60DD00409803 /* FirstViewController+ViewModel.swift */ = {isa = PBXFileReference; lastKnownFileType = sourcecode.swift; path = "FirstViewController+ViewModel.swift"; sourceTree = "<group>"; };
		601FCCD22ABB632300409803 /* CollectionView.swift */ = {isa = PBXFileReference; lastKnownFileType = sourcecode.swift; path = CollectionView.swift; sourceTree = "<group>"; };
		601FCCD42ABB633600409803 /* CollectionView+ViewModel.swift */ = {isa = PBXFileReference; lastKnownFileType = sourcecode.swift; path = "CollectionView+ViewModel.swift"; sourceTree = "<group>"; };
		601FCCD72ABB755E00409803 /* BasicCollectionViewCell.swift */ = {isa = PBXFileReference; lastKnownFileType = sourcecode.swift; path = BasicCollectionViewCell.swift; sourceTree = "<group>"; };
		601FCCD92ABB7D8E00409803 /* BasicViewController.swift */ = {isa = PBXFileReference; lastKnownFileType = sourcecode.swift; path = BasicViewController.swift; sourceTree = "<group>"; };
/* End PBXFileReference section */

/* Begin PBXFrameworksBuildPhase section */
		601FCC9B2ABA208400409803 /* Frameworks */ = {
			isa = PBXFrameworksBuildPhase;
			buildActionMask = 2147483647;
			files = (
				601FCCC82ABB5B6400409803 /* Moya in Frameworks */,
				601FCCCB2ABB5B8400409803 /* SnapKit in Frameworks */,
			);
			runOnlyForDeploymentPostprocessing = 0;
		};
/* End PBXFrameworksBuildPhase section */

/* Begin PBXGroup section */
		601FCC952ABA208400409803 = {
			isa = PBXGroup;
			children = (
				601FCCA02ABA208400409803 /* Hotel */,
				601FCC9F2ABA208400409803 /* Products */,
			);
			sourceTree = "<group>";
		};
		601FCC9F2ABA208400409803 /* Products */ = {
			isa = PBXGroup;
			children = (
				601FCC9E2ABA208400409803 /* Hotel.app */,
			);
			name = Products;
			sourceTree = "<group>";
		};
		601FCCA02ABA208400409803 /* Hotel */ = {
			isa = PBXGroup;
			children = (
				601FCCD62ABB751800409803 /* BasicComponents */,
				601FCCD12ABB630200409803 /* Views */,
				601FCCCC2ABB608D00409803 /* ViewControllers */,
				601FCCBF2ABB599200409803 /* Requests */,
				601FCCBA2ABA20D500409803 /* BasicLabel  */,
				601FCCB52ABA20AF00409803 /* BasicImage */,
				601FCCA12ABA208400409803 /* AppDelegate.swift */,
				601FCCA32ABA208400409803 /* SceneDelegate.swift */,
				601FCCA52ABA208400409803 /* ViewController.swift */,
				601FCCA72ABA208400409803 /* Main.storyboard */,
				601FCCAA2ABA208500409803 /* Assets.xcassets */,
				601FCCAC2ABA208600409803 /* LaunchScreen.storyboard */,
				601FCCAF2ABA208600409803 /* Info.plist */,
			);
			path = Hotel;
			sourceTree = "<group>";
		};
		601FCCB52ABA20AF00409803 /* BasicImage */ = {
			isa = PBXGroup;
			children = (
				601FCCB62ABA20C100409803 /* BasicImage.swift */,
				601FCCB82ABA20D100409803 /* BasicImage+ViewModel.swift */,
			);
			path = BasicImage;
			sourceTree = "<group>";
		};
		601FCCBA2ABA20D500409803 /* BasicLabel  */ = {
			isa = PBXGroup;
			children = (
				601FCCBB2ABA20E800409803 /* BasicLabel .swift */,
				601FCCBD2ABA20F700409803 /* BasicLabel+ViewModel .swift */,
			);
			path = "BasicLabel ";
			sourceTree = "<group>";
		};
		601FCCBF2ABB599200409803 /* Requests */ = {
			isa = PBXGroup;
			children = (
				601FCCC02ABB59AD00409803 /* BackenAPI.swift */,
				601FCCC22ABB59C200409803 /* ImageModel.swift */,
				601FCCC42ABB59CE00409803 /* NetworkManager.swift */,
			);
			path = Requests;
			sourceTree = "<group>";
		};
		601FCCCC2ABB608D00409803 /* ViewControllers */ = {
			isa = PBXGroup;
			children = (
				601FCCCD2ABB60B800409803 /* FirstViewController.swift */,
				601FCCCF2ABB60DD00409803 /* FirstViewController+ViewModel.swift */,
			);
			path = ViewControllers;
			sourceTree = "<group>";
		};
		601FCCD12ABB630200409803 /* Views */ = {
			isa = PBXGroup;
			children = (
				601FCCD22ABB632300409803 /* CollectionView.swift */,
				601FCCD42ABB633600409803 /* CollectionView+ViewModel.swift */,
			);
			path = Views;
			sourceTree = "<group>";
		};
		601FCCD62ABB751800409803 /* BasicComponents */ = {
			isa = PBXGroup;
			children = (
				601FCCD72ABB755E00409803 /* BasicCollectionViewCell.swift */,
				601FCCD92ABB7D8E00409803 /* BasicViewController.swift */,
			);
			path = BasicComponents;
			sourceTree = "<group>";
		};
/* End PBXGroup section */

/* Begin PBXNativeTarget section */
		601FCC9D2ABA208400409803 /* Hotel */ = {
			isa = PBXNativeTarget;
			buildConfigurationList = 601FCCB22ABA208600409803 /* Build configuration list for PBXNativeTarget "Hotel" */;
			buildPhases = (
				601FCC9A2ABA208400409803 /* Sources */,
				601FCC9B2ABA208400409803 /* Frameworks */,
				601FCC9C2ABA208400409803 /* Resources */,
			);
			buildRules = (
			);
			dependencies = (
			);
			name = Hotel;
			packageProductDependencies = (
				601FCCC72ABB5B6400409803 /* Moya */,
				601FCCCA2ABB5B8400409803 /* SnapKit */,
			);
			productName = Hotel;
			productReference = 601FCC9E2ABA208400409803 /* Hotel.app */;
			productType = "com.apple.product-type.application";
		};
/* End PBXNativeTarget section */

/* Begin PBXProject section */
		601FCC962ABA208400409803 /* Project object */ = {
			isa = PBXProject;
			attributes = {
				BuildIndependentTargetsInParallel = 1;
				LastSwiftUpdateCheck = 1430;
				LastUpgradeCheck = 1430;
				TargetAttributes = {
					601FCC9D2ABA208400409803 = {
						CreatedOnToolsVersion = 14.3.1;
					};
				};
			};
			buildConfigurationList = 601FCC992ABA208400409803 /* Build configuration list for PBXProject "Hotel" */;
			compatibilityVersion = "Xcode 14.0";
			developmentRegion = en;
			hasScannedForEncodings = 0;
			knownRegions = (
				en,
				Base,
			);
			mainGroup = 601FCC952ABA208400409803;
			packageReferences = (
				601FCCC62ABB5B6400409803 /* XCRemoteSwiftPackageReference "Moya" */,
				601FCCC92ABB5B8400409803 /* XCRemoteSwiftPackageReference "SnapKit" */,
			);
			productRefGroup = 601FCC9F2ABA208400409803 /* Products */;
			projectDirPath = "";
			projectRoot = "";
			targets = (
				601FCC9D2ABA208400409803 /* Hotel */,
			);
		};
/* End PBXProject section */

/* Begin PBXResourcesBuildPhase section */
		601FCC9C2ABA208400409803 /* Resources */ = {
			isa = PBXResourcesBuildPhase;
			buildActionMask = 2147483647;
			files = (
				601FCCAE2ABA208600409803 /* LaunchScreen.storyboard in Resources */,
				601FCCAB2ABA208600409803 /* Assets.xcassets in Resources */,
				601FCCA92ABA208400409803 /* Main.storyboard in Resources */,
			);
			runOnlyForDeploymentPostprocessing = 0;
		};
/* End PBXResourcesBuildPhase section */

/* Begin PBXSourcesBuildPhase section */
		601FCC9A2ABA208400409803 /* Sources */ = {
			isa = PBXSourcesBuildPhase;
			buildActionMask = 2147483647;
			files = (
				601FCCC12ABB59AD00409803 /* BackenAPI.swift in Sources */,
				601FCCB72ABA20C100409803 /* BasicImage.swift in Sources */,
				601FCCC52ABB59CE00409803 /* NetworkManager.swift in Sources */,
				601FCCBE2ABA20F700409803 /* BasicLabel+ViewModel .swift in Sources */,
				601FCCA62ABA208400409803 /* ViewController.swift in Sources */,
				601FCCDA2ABB7D8E00409803 /* BasicViewController.swift in Sources */,
				601FCCD52ABB633600409803 /* CollectionView+ViewModel.swift in Sources */,
				601FCCD32ABB632300409803 /* CollectionView.swift in Sources */,
				601FCCC32ABB59C200409803 /* ImageModel.swift in Sources */,
				601FCCBC2ABA20E800409803 /* BasicLabel .swift in Sources */,
				601FCCB92ABA20D100409803 /* BasicImage+ViewModel.swift in Sources */,
				601FCCD82ABB755E00409803 /* BasicCollectionViewCell.swift in Sources */,
				601FCCD02ABB60DD00409803 /* FirstViewController+ViewModel.swift in Sources */,
				601FCCA22ABA208400409803 /* AppDelegate.swift in Sources */,
				601FCCA42ABA208400409803 /* SceneDelegate.swift in Sources */,
				601FCCCE2ABB60B800409803 /* FirstViewController.swift in Sources */,
			);
			runOnlyForDeploymentPostprocessing = 0;
		};
/* End PBXSourcesBuildPhase section */

/* Begin PBXVariantGroup section */
		601FCCA72ABA208400409803 /* Main.storyboard */ = {
			isa = PBXVariantGroup;
			children = (
				601FCCA82ABA208400409803 /* Base */,
			);
			name = Main.storyboard;
			sourceTree = "<group>";
		};
		601FCCAC2ABA208600409803 /* LaunchScreen.storyboard */ = {
			isa = PBXVariantGroup;
			children = (
				601FCCAD2ABA208600409803 /* Base */,
			);
			name = LaunchScreen.storyboard;
			sourceTree = "<group>";
		};
/* End PBXVariantGroup section */

/* Begin XCBuildConfiguration section */
		601FCCB02ABA208600409803 /* Debug */ = {
			isa = XCBuildConfiguration;
			buildSettings = {
				ALWAYS_SEARCH_USER_PATHS = NO;
				CLANG_ANALYZER_NONNULL = YES;
				CLANG_ANALYZER_NUMBER_OBJECT_CONVERSION = YES_AGGRESSIVE;
				CLANG_CXX_LANGUAGE_STANDARD = "gnu++20";
				CLANG_ENABLE_MODULES = YES;
				CLANG_ENABLE_OBJC_ARC = YES;
				CLANG_ENABLE_OBJC_WEAK = YES;
				CLANG_WARN_BLOCK_CAPTURE_AUTORELEASING = YES;
				CLANG_WARN_BOOL_CONVERSION = YES;
				CLANG_WARN_COMMA = YES;
				CLANG_WARN_CONSTANT_CONVERSION = YES;
				CLANG_WARN_DEPRECATED_OBJC_IMPLEMENTATIONS = YES;
				CLANG_WARN_DIRECT_OBJC_ISA_USAGE = YES_ERROR;
				CLANG_WARN_DOCUMENTATION_COMMENTS = YES;
				CLANG_WARN_EMPTY_BODY = YES;
				CLANG_WARN_ENUM_CONVERSION = YES;
				CLANG_WARN_INFINITE_RECURSION = YES;
				CLANG_WARN_INT_CONVERSION = YES;
				CLANG_WARN_NON_LITERAL_NULL_CONVERSION = YES;
				CLANG_WARN_OBJC_IMPLICIT_RETAIN_SELF = YES;
				CLANG_WARN_OBJC_LITERAL_CONVERSION = YES;
				CLANG_WARN_OBJC_ROOT_CLASS = YES_ERROR;
				CLANG_WARN_QUOTED_INCLUDE_IN_FRAMEWORK_HEADER = YES;
				CLANG_WARN_RANGE_LOOP_ANALYSIS = YES;
				CLANG_WARN_STRICT_PROTOTYPES = YES;
				CLANG_WARN_SUSPICIOUS_MOVE = YES;
				CLANG_WARN_UNGUARDED_AVAILABILITY = YES_AGGRESSIVE;
				CLANG_WARN_UNREACHABLE_CODE = YES;
				CLANG_WARN__DUPLICATE_METHOD_MATCH = YES;
				COPY_PHASE_STRIP = NO;
				DEBUG_INFORMATION_FORMAT = dwarf;
				ENABLE_STRICT_OBJC_MSGSEND = YES;
				ENABLE_TESTABILITY = YES;
				GCC_C_LANGUAGE_STANDARD = gnu11;
				GCC_DYNAMIC_NO_PIC = NO;
				GCC_NO_COMMON_BLOCKS = YES;
				GCC_OPTIMIZATION_LEVEL = 0;
				GCC_PREPROCESSOR_DEFINITIONS = (
					"DEBUG=1",
					"$(inherited)",
				);
				GCC_WARN_64_TO_32_BIT_CONVERSION = YES;
				GCC_WARN_ABOUT_RETURN_TYPE = YES_ERROR;
				GCC_WARN_UNDECLARED_SELECTOR = YES;
				GCC_WARN_UNINITIALIZED_AUTOS = YES_AGGRESSIVE;
				GCC_WARN_UNUSED_FUNCTION = YES;
				GCC_WARN_UNUSED_VARIABLE = YES;
				IPHONEOS_DEPLOYMENT_TARGET = 16.4;
				MTL_ENABLE_DEBUG_INFO = INCLUDE_SOURCE;
				MTL_FAST_MATH = YES;
				ONLY_ACTIVE_ARCH = YES;
				SDKROOT = iphoneos;
				SWIFT_ACTIVE_COMPILATION_CONDITIONS = DEBUG;
				SWIFT_OPTIMIZATION_LEVEL = "-Onone";
			};
			name = Debug;
		};
		601FCCB12ABA208600409803 /* Release */ = {
			isa = XCBuildConfiguration;
			buildSettings = {
				ALWAYS_SEARCH_USER_PATHS = NO;
				CLANG_ANALYZER_NONNULL = YES;
				CLANG_ANALYZER_NUMBER_OBJECT_CONVERSION = YES_AGGRESSIVE;
				CLANG_CXX_LANGUAGE_STANDARD = "gnu++20";
				CLANG_ENABLE_MODULES = YES;
				CLANG_ENABLE_OBJC_ARC = YES;
				CLANG_ENABLE_OBJC_WEAK = YES;
				CLANG_WARN_BLOCK_CAPTURE_AUTORELEASING = YES;
				CLANG_WARN_BOOL_CONVERSION = YES;
				CLANG_WARN_COMMA = YES;
				CLANG_WARN_CONSTANT_CONVERSION = YES;
				CLANG_WARN_DEPRECATED_OBJC_IMPLEMENTATIONS = YES;
				CLANG_WARN_DIRECT_OBJC_ISA_USAGE = YES_ERROR;
				CLANG_WARN_DOCUMENTATION_COMMENTS = YES;
				CLANG_WARN_EMPTY_BODY = YES;
				CLANG_WARN_ENUM_CONVERSION = YES;
				CLANG_WARN_INFINITE_RECURSION = YES;
				CLANG_WARN_INT_CONVERSION = YES;
				CLANG_WARN_NON_LITERAL_NULL_CONVERSION = YES;
				CLANG_WARN_OBJC_IMPLICIT_RETAIN_SELF = YES;
				CLANG_WARN_OBJC_LITERAL_CONVERSION = YES;
				CLANG_WARN_OBJC_ROOT_CLASS = YES_ERROR;
				CLANG_WARN_QUOTED_INCLUDE_IN_FRAMEWORK_HEADER = YES;
				CLANG_WARN_RANGE_LOOP_ANALYSIS = YES;
				CLANG_WARN_STRICT_PROTOTYPES = YES;
				CLANG_WARN_SUSPICIOUS_MOVE = YES;
				CLANG_WARN_UNGUARDED_AVAILABILITY = YES_AGGRESSIVE;
				CLANG_WARN_UNREACHABLE_CODE = YES;
				CLANG_WARN__DUPLICATE_METHOD_MATCH = YES;
				COPY_PHASE_STRIP = NO;
				DEBUG_INFORMATION_FORMAT = "dwarf-with-dsym";
				ENABLE_NS_ASSERTIONS = NO;
				ENABLE_STRICT_OBJC_MSGSEND = YES;
				GCC_C_LANGUAGE_STANDARD = gnu11;
				GCC_NO_COMMON_BLOCKS = YES;
				GCC_WARN_64_TO_32_BIT_CONVERSION = YES;
				GCC_WARN_ABOUT_RETURN_TYPE = YES_ERROR;
				GCC_WARN_UNDECLARED_SELECTOR = YES;
				GCC_WARN_UNINITIALIZED_AUTOS = YES_AGGRESSIVE;
				GCC_WARN_UNUSED_FUNCTION = YES;
				GCC_WARN_UNUSED_VARIABLE = YES;
				IPHONEOS_DEPLOYMENT_TARGET = 16.4;
				MTL_ENABLE_DEBUG_INFO = NO;
				MTL_FAST_MATH = YES;
				SDKROOT = iphoneos;
				SWIFT_COMPILATION_MODE = wholemodule;
				SWIFT_OPTIMIZATION_LEVEL = "-O";
				VALIDATE_PRODUCT = YES;
			};
			name = Release;
		};
		601FCCB32ABA208600409803 /* Debug */ = {
			isa = XCBuildConfiguration;
			buildSettings = {
				ASSETCATALOG_COMPILER_APPICON_NAME = AppIcon;
				ASSETCATALOG_COMPILER_GLOBAL_ACCENT_COLOR_NAME = AccentColor;
				CODE_SIGN_STYLE = Automatic;
				CURRENT_PROJECT_VERSION = 1;
				DEVELOPMENT_TEAM = Q3NY5JH848;
				GENERATE_INFOPLIST_FILE = YES;
				INFOPLIST_FILE = Hotel/Info.plist;
				INFOPLIST_KEY_UIApplicationSupportsIndirectInputEvents = YES;
				INFOPLIST_KEY_UILaunchStoryboardName = LaunchScreen;
				INFOPLIST_KEY_UIMainStoryboardFile = Main;
				INFOPLIST_KEY_UISupportedInterfaceOrientations_iPad = "UIInterfaceOrientationPortrait UIInterfaceOrientationPortraitUpsideDown UIInterfaceOrientationLandscapeLeft UIInterfaceOrientationLandscapeRight";
				INFOPLIST_KEY_UISupportedInterfaceOrientations_iPhone = "UIInterfaceOrientationPortrait UIInterfaceOrientationLandscapeLeft UIInterfaceOrientationLandscapeRight";
				LD_RUNPATH_SEARCH_PATHS = (
					"$(inherited)",
					"@executable_path/Frameworks",
				);
				MARKETING_VERSION = 1.0;
				PRODUCT_BUNDLE_IDENTIFIER = IMeCorporarion.Hotel;
				PRODUCT_NAME = "$(TARGET_NAME)";
				SWIFT_EMIT_LOC_STRINGS = YES;
				SWIFT_VERSION = 5.0;
				TARGETED_DEVICE_FAMILY = "1,2";
			};
			name = Debug;
		};
		601FCCB42ABA208600409803 /* Release */ = {
			isa = XCBuildConfiguration;
			buildSettings = {
				ASSETCATALOG_COMPILER_APPICON_NAME = AppIcon;
				ASSETCATALOG_COMPILER_GLOBAL_ACCENT_COLOR_NAME = AccentColor;
				CODE_SIGN_STYLE = Automatic;
				CURRENT_PROJECT_VERSION = 1;
				DEVELOPMENT_TEAM = Q3NY5JH848;
				GENERATE_INFOPLIST_FILE = YES;
				INFOPLIST_FILE = Hotel/Info.plist;
				INFOPLIST_KEY_UIApplicationSupportsIndirectInputEvents = YES;
				INFOPLIST_KEY_UILaunchStoryboardName = LaunchScreen;
				INFOPLIST_KEY_UIMainStoryboardFile = Main;
				INFOPLIST_KEY_UISupportedInterfaceOrientations_iPad = "UIInterfaceOrientationPortrait UIInterfaceOrientationPortraitUpsideDown UIInterfaceOrientationLandscapeLeft UIInterfaceOrientationLandscapeRight";
				INFOPLIST_KEY_UISupportedInterfaceOrientations_iPhone = "UIInterfaceOrientationPortrait UIInterfaceOrientationLandscapeLeft UIInterfaceOrientationLandscapeRight";
				LD_RUNPATH_SEARCH_PATHS = (
					"$(inherited)",
					"@executable_path/Frameworks",
				);
				MARKETING_VERSION = 1.0;
				PRODUCT_BUNDLE_IDENTIFIER = IMeCorporarion.Hotel;
				PRODUCT_NAME = "$(TARGET_NAME)";
				SWIFT_EMIT_LOC_STRINGS = YES;
				SWIFT_VERSION = 5.0;
				TARGETED_DEVICE_FAMILY = "1,2";
			};
			name = Release;
		};
/* End XCBuildConfiguration section */

/* Begin XCConfigurationList section */
		601FCC992ABA208400409803 /* Build configuration list for PBXProject "Hotel" */ = {
			isa = XCConfigurationList;
			buildConfigurations = (
				601FCCB02ABA208600409803 /* Debug */,
				601FCCB12ABA208600409803 /* Release */,
			);
			defaultConfigurationIsVisible = 0;
			defaultConfigurationName = Release;
		};
		601FCCB22ABA208600409803 /* Build configuration list for PBXNativeTarget "Hotel" */ = {
			isa = XCConfigurationList;
			buildConfigurations = (
				601FCCB32ABA208600409803 /* Debug */,
				601FCCB42ABA208600409803 /* Release */,
			);
			defaultConfigurationIsVisible = 0;
			defaultConfigurationName = Release;
		};
/* End XCConfigurationList section */

/* Begin XCRemoteSwiftPackageReference section */
		601FCCC62ABB5B6400409803 /* XCRemoteSwiftPackageReference "Moya" */ = {
			isa = XCRemoteSwiftPackageReference;
			repositoryURL = "https://github.com/Moya/Moya";
			requirement = {
				kind = upToNextMajorVersion;
				minimumVersion = 15.0.0;
			};
		};
		601FCCC92ABB5B8400409803 /* XCRemoteSwiftPackageReference "SnapKit" */ = {
			isa = XCRemoteSwiftPackageReference;
			repositoryURL = "https://github.com/SnapKit/SnapKit.git";
			requirement = {
				kind = upToNextMajorVersion;
				minimumVersion = 5.0.0;
			};
		};
/* End XCRemoteSwiftPackageReference section */

/* Begin XCSwiftPackageProductDependency section */
		601FCCC72ABB5B6400409803 /* Moya */ = {
			isa = XCSwiftPackageProductDependency;
			package = 601FCCC62ABB5B6400409803 /* XCRemoteSwiftPackageReference "Moya" */;
			productName = Moya;
		};
		601FCCCA2ABB5B8400409803 /* SnapKit */ = {
			isa = XCSwiftPackageProductDependency;
			package = 601FCCC92ABB5B8400409803 /* XCRemoteSwiftPackageReference "SnapKit" */;
			productName = SnapKit;
		};
/* End XCSwiftPackageProductDependency section */
	};
	rootObject = 601FCC962ABA208400409803 /* Project object */;
}
